// !$*UTF8*$!
{
	archiveVersion = 1;
	classes = {
	};
	objectVersion = 77;
	objects = {

/* Begin PBXBuildFile section */
		DB7871922F9943010071519F /* AppDelegate.swift in Sources */ = {isa = PBXBuildFile; fileRef = DB7871912F9943010071519F /* AppDelegate.swift */; };
		DB78719E2F9943010071519F /* LaunchScreen.storyboard in Resources */ = {isa = PBXBuildFile; fileRef = DB78719C2F9943010071519F /* LaunchScreen.storyboard */; };
		DB7871D22F994B3D0071519F /* ListVC.swift in Sources */ = {isa = PBXBuildFile; fileRef = DB7871CC2F9943F10071519F /* ListVC.swift */; };
		DB7871D32F994B480071519F /* EditorVC.swift in Sources */ = {isa = PBXBuildFile; fileRef = DB7871CD2F9943FC0071519F /* EditorVC.swift */; };
		DB7871D42F994B4E0071519F /* TaskCell.swift in Sources */ = {isa = PBXBuildFile; fileRef = DB7871CB2F9943E50071519F /* TaskCell.swift */; };
		DB7871D52F994B550071519F /* ListVM.swift in Sources */ = {isa = PBXBuildFile; fileRef = DB7871CA2F9943D30071519F /* ListVM.swift */; };
		DB7871D62F994B5A0071519F /* TaskStorageServices.swift in Sources */ = {isa = PBXBuildFile; fileRef = DB7871CF2F99471C0071519F /* TaskStorageServices.swift */; };
		DB7871D72F994B5E0071519F /* TaskStorage.swift in Sources */ = {isa = PBXBuildFile; fileRef = DB7871C92F9943AE0071519F /* TaskStorage.swift */; };
		DB7871D82F994B620071519F /* Task.swift in Sources */ = {isa = PBXBuildFile; fileRef = DB7871C82F9943980071519F /* Task.swift */; };
/* End PBXBuildFile section */

/* Begin PBXContainerItemProxy section */
		DB7871A52F9943010071519F /* PBXContainerItemProxy */ = {
			isa = PBXContainerItemProxy;
			containerPortal = DB7871862F9943010071519F /* Project object */;
			proxyType = 1;
			remoteGlobalIDString = DB78718D2F9943010071519F;
			remoteInfo = todo;
		};
		DB7871AF2F9943010071519F /* PBXContainerItemProxy */ = {
			isa = PBXContainerItemProxy;
			containerPortal = DB7871862F9943010071519F /* Project object */;
			proxyType = 1;
			remoteGlobalIDString = DB78718D2F9943010071519F;
			remoteInfo = todo;
		};
/* End PBXContainerItemProxy section */

/* Begin PBXFileReference section */
		DB78718E2F9943010071519F /* todo.app */ = {isa = PBXFileReference; explicitFileType = wrapper.application; includeInIndex = 0; path = todo.app; sourceTree = BUILT_PRODUCTS_DIR; };
		DB7871912F9943010071519F /* AppDelegate.swift */ = {isa = PBXFileReference; lastKnownFileType = sourcecode.swift; path = AppDelegate.swift; sourceTree = "<group>"; };
		DB78719D2F9943010071519F /* Base */ = {isa = PBXFileReference; lastKnownFileType = file.storyboard; name = Base; path = Base.lproj/LaunchScreen.storyboard; sourceTree = "<group>"; };
		DB7871A42F9943010071519F /* todoTests.xctest */ = {isa = PBXFileReference; explicitFileType = wrapper.cfbundle; includeInIndex = 0; path = todoTests.xctest; sourceTree = BUILT_PRODUCTS_DIR; };
		DB7871AE2F9943010071519F /* todoUITests.xctest */ = {isa = PBXFileReference; explicitFileType = wrapper.cfbundle; includeInIndex = 0; path = todoUITests.xctest; sourceTree = BUILT_PRODUCTS_DIR; };
		DB7871C82F9943980071519F /* Task.swift */ = {isa = PBXFileReference; lastKnownFileType = sourcecode.swift; path = Task.swift; sourceTree = "<group>"; };
		DB7871C92F9943AE0071519F /* TaskStorage.swift */ = {isa = PBXFileReference; lastKnownFileType = sourcecode.swift; path = TaskStorage.swift; sourceTree = "<group>"; };
		DB7871CA2F9943D30071519F /* ListVM.swift */ = {isa = PBXFileReference; lastKnownFileType = sourcecode.swift; path = ListVM.swift; sourceTree = "<group>"; };
		DB7871CB2F9943E50071519F /* TaskCell.swift */ = {isa = PBXFileReference; lastKnownFileType = sourcecode.swift; path = TaskCell.swift; sourceTree = "<group>"; };
		DB7871CC2F9943F10071519F /* ListVC.swift */ = {isa = PBXFileReference; lastKnownFileType = sourcecode.swift; path = ListVC.swift; sourceTree = "<group>"; };
		DB7871CD2F9943FC0071519F /* EditorVC.swift */ = {isa = PBXFileReference; lastKnownFileType = sourcecode.swift; path = EditorVC.swift; sourceTree = "<group>"; };
		DB7871CF2F99471C0071519F /* TaskStorageServices.swift */ = {isa = PBXFileReference; lastKnownFileType = sourcecode.swift; path = TaskStorageServices.swift; sourceTree = "<group>"; };
/* End PBXFileReference section */

/* Begin PBXFileSystemSynchronizedBuildFileExceptionSet section */
		DB7871E42F99506F0071519F /* Exceptions for "todo" folder in "todo" target */ = {
			isa = PBXFileSystemSynchronizedBuildFileExceptionSet;
			membershipExceptions = (
				Info.plist,
			);
			target = DB78718D2F9943010071519F /* todo */;
		};
/* End PBXFileSystemSynchronizedBuildFileExceptionSet section */

/* Begin PBXFileSystemSynchronizedRootGroup section */
		DB7871902F9943010071519F /* todo */ = {
			isa = PBXFileSystemSynchronizedRootGroup;
			exceptions = (
				DB7871E42F99506F0071519F /* Exceptions for "todo" folder in "todo" target */,
			);
			path = todo;
			sourceTree = "<group>";
		};
		DB7871A72F9943010071519F /* todoTests */ = {
			isa = PBXFileSystemSynchronizedRootGroup;
			path = todoTests;
			sourceTree = "<group>";
		};
		DB7871B12F9943010071519F /* todoUITests */ = {
			isa = PBXFileSystemSynchronizedRootGroup;
			path = todoUITests;
			sourceTree = "<group>";
		};
/* End PBXFileSystemSynchronizedRootGroup section */

/* Begin PBXFrameworksBuildPhase section */
		DB78718B2F9943010071519F /* Frameworks */ = {
			isa = PBXFrameworksBuildPhase;
			buildActionMask = 2147483647;
			files = (
			);
			runOnlyForDeploymentPostprocessing = 0;
		};
		DB7871A12F9943010071519F /* Frameworks */ = {
			isa = PBXFrameworksBuildPhase;
			buildActionMask = 2147483647;
			files = (
			);
			runOnlyForDeploymentPostprocessing = 0;
		};
		DB7871AB2F9943010071519F /* Frameworks */ = {
			isa = PBXFrameworksBuildPhase;
			buildActionMask = 2147483647;
			files = (
			);
			runOnlyForDeploymentPostprocessing = 0;
		};
/* End PBXFrameworksBuildPhase section */

/* Begin PBXGroup section */
		DB7871852F9943010071519F = {
			isa = PBXGroup;
			children = (
				DB7871C72F9943670071519F /* Controllers */,
				DB7871C62F9943600071519F /* Views */,
				DB7871C52F9943540071519F /* ViewModels */,
				DB7871C42F99433A0071519F /* Services */,
				DB7871C32F9943300071519F /* Models */,
				DB7871C22F9943280071519F /* App */,
				DB7871902F9943010071519F /* todo */,
				DB7871A72F9943010071519F /* todoTests */,
				DB7871B12F9943010071519F /* todoUITests */,
				DB78718F2F9943010071519F /* Products */,
			);
			sourceTree = "<group>";
		};
		DB78718F2F9943010071519F /* Products */ = {
			isa = PBXGroup;
			children = (
				DB78718E2F9943010071519F /* todo.app */,
				DB7871A42F9943010071519F /* todoTests.xctest */,
				DB7871AE2F9943010071519F /* todoUITests.xctest */,
			);
			name = Products;
			sourceTree = "<group>";
		};
		DB7871C22F9943280071519F /* App */ = {
			isa = PBXGroup;
			children = (
				DB7871912F9943010071519F /* AppDelegate.swift */,
				DB78719C2F9943010071519F /* LaunchScreen.storyboard */,
			);
			path = App;
			sourceTree = "<group>";
		};
		DB7871C32F9943300071519F /* Models */ = {
			isa = PBXGroup;
			children = (
				DB7871C82F9943980071519F /* Task.swift */,
			);
			path = Models;
			sourceTree = "<group>";
		};
		DB7871C42F99433A0071519F /* Services */ = {
			isa = PBXGroup;
			children = (
				DB7871CF2F99471C0071519F /* TaskStorageServices.swift */,
				DB7871C92F9943AE0071519F /* TaskStorage.swift */,
			);
			path = Services;
			sourceTree = "<group>";
		};
		DB7871C52F9943540071519F /* ViewModels */ = {
			isa = PBXGroup;
			children = (
				DB7871CA2F9943D30071519F /* ListVM.swift */,
			);
			path = ViewModels;
			sourceTree = "<group>";
		};
		DB7871C62F9943600071519F /* Views */ = {
			isa = PBXGroup;
			children = (
				DB7871CB2F9943E50071519F /* TaskCell.swift */,
			);
			path = Views;
			sourceTree = "<group>";
		};
		DB7871C72F9943670071519F /* Controllers */ = {
			isa = PBXGroup;
			children = (
				DB7871CD2F9943FC0071519F /* EditorVC.swift */,
				DB7871CC2F9943F10071519F /* ListVC.swift */,
			);
			path = Controllers;
			sourceTree = "<group>";
		};
/* End PBXGroup section */

/* Begin PBXNativeTarget section */
		DB78718D2F9943010071519F /* todo */ = {
			isa = PBXNativeTarget;
			buildConfigurationList = DB7871B72F9943010071519F /* Build configuration list for PBXNativeTarget "todo" */;
			buildPhases = (
				DB78718A2F9943010071519F /* Sources */,
				DB78718B2F9943010071519F /* Frameworks */,
				DB78718C2F9943010071519F /* Resources */,
			);
			buildRules = (
			);
			dependencies = (
			);
			fileSystemSynchronizedGroups = (
				DB7871902F9943010071519F /* todo */,
			);
			name = todo;
			packageProductDependencies = (
			);
			productName = todo;
			productReference = DB78718E2F9943010071519F /* todo.app */;
			productType = "com.apple.product-type.application";
		};
		DB7871A32F9943010071519F /* todoTests */ = {
			isa = PBXNativeTarget;
			buildConfigurationList = DB7871BC2F9943010071519F /* Build configuration list for PBXNativeTarget "todoTests" */;
			buildPhases = (
				DB7871A02F9943010071519F /* Sources */,
				DB7871A12F9943010071519F /* Frameworks */,
				DB7871A22F9943010071519F /* Resources */,
			);
			buildRules = (
			);
			dependencies = (
				DB7871A62F9943010071519F /* PBXTargetDependency */,
			);
			fileSystemSynchronizedGroups = (
				DB7871A72F9943010071519F /* todoTests */,
			);
			name = todoTests;
			packageProductDependencies = (
			);
			productName = todoTests;
			productReference = DB7871A42F9943010071519F /* todoTests.xctest */;
			productType = "com.apple.product-type.bundle.unit-test";
		};
		DB7871AD2F9943010071519F /* todoUITests */ = {
			isa = PBXNativeTarget;
			buildConfigurationList = DB7871BF2F9943010071519F /* Build configuration list for PBXNativeTarget "todoUITests" */;
			buildPhases = (
				DB7871AA2F9943010071519F /* Sources */,
				DB7871AB2F9943010071519F /* Frameworks */,
				DB7871AC2F9943010071519F /* Resources */,
			);
			buildRules = (
			);
			dependencies = (
				DB7871B02F9943010071519F /* PBXTargetDependency */,
			);
			fileSystemSynchronizedGroups = (
				DB7871B12F9943010071519F /* todoUITests */,
			);
			name = todoUITests;
			packageProductDependencies = (
			);
			productName = todoUITests;
			productReference = DB7871AE2F9943010071519F /* todoUITests.xctest */;
			productType = "com.apple.product-type.bundle.ui-testing";
		};
/* End PBXNativeTarget section */

/* Begin PBXProject section */
		DB7871862F9943010071519F /* Project object */ = {
			isa = PBXProject;
			attributes = {
				BuildIndependentTargetsInParallel = 1;
				LastSwiftUpdateCheck = 2640;
				LastUpgradeCheck = 2640;
				TargetAttributes = {
					DB78718D2F9943010071519F = {
						CreatedOnToolsVersion = 26.4.1;
					};
					DB7871A32F9943010071519F = {
						CreatedOnToolsVersion = 26.4.1;
						TestTargetID = DB78718D2F9943010071519F;
					};
					DB7871AD2F9943010071519F = {
						CreatedOnToolsVersion = 26.4.1;
						TestTargetID = DB78718D2F9943010071519F;
					};
				};
			};
			buildConfigurationList = DB7871892F9943010071519F /* Build configuration list for PBXProject "todo" */;
			developmentRegion = en;
			hasScannedForEncodings = 0;
			knownRegions = (
				en,
				Base,
			);
			mainGroup = DB7871852F9943010071519F;
			minimizedProjectReferenceProxies = 1;
			preferredProjectObjectVersion = 77;
			productRefGroup = DB78718F2F9943010071519F /* Products */;
			projectDirPath = "";
			projectRoot = "";
			targets = (
				DB78718D2F9943010071519F /* todo */,
				DB7871A32F9943010071519F /* todoTests */,
				DB7871AD2F9943010071519F /* todoUITests */,
			);
		};
/* End PBXProject section */

/* Begin PBXResourcesBuildPhase section */
		DB78718C2F9943010071519F /* Resources */ = {
			isa = PBXResourcesBuildPhase;
			buildActionMask = 2147483647;
			files = (
				DB78719E2F9943010071519F /* LaunchScreen.storyboard in Resources */,
			);
			runOnlyForDeploymentPostprocessing = 0;
		};
		DB7871A22F9943010071519F /* Resources */ = {
			isa = PBXResourcesBuildPhase;
			buildActionMask = 2147483647;
			files = (
			);
			runOnlyForDeploymentPostprocessing = 0;
		};
		DB7871AC2F9943010071519F /* Resources */ = {
			isa = PBXResourcesBuildPhase;
			buildActionMask = 2147483647;
			files = (
			);
			runOnlyForDeploymentPostprocessing = 0;
		};
/* End PBXResourcesBuildPhase section */

/* Begin PBXSourcesBuildPhase section */
		DB78718A2F9943010071519F /* Sources */ = {
			isa = PBXSourcesBuildPhase;
			buildActionMask = 2147483647;
			files = (
				DB7871D52F994B550071519F /* ListVM.swift in Sources */,
				DB7871D22F994B3D0071519F /* ListVC.swift in Sources */,
				DB7871D32F994B480071519F /* EditorVC.swift in Sources */,
				DB7871922F9943010071519F /* AppDelegate.swift in Sources */,
				DB7871D72F994B5E0071519F /* TaskStorage.swift in Sources */,
				DB7871D62F994B5A0071519F /* TaskStorageServices.swift in Sources */,
				DB7871D82F994B620071519F /* Task.swift in Sources */,
				DB7871D42F994B4E0071519F /* TaskCell.swift in Sources */,
			);
			runOnlyForDeploymentPostprocessing = 0;
		};
		DB7871A02F9943010071519F /* Sources */ = {
			isa = PBXSourcesBuildPhase;
			buildActionMask = 2147483647;
			files = (
			);
			runOnlyForDeploymentPostprocessing = 0;
		};
		DB7871AA2F9943010071519F /* Sources */ = {
			isa = PBXSourcesBuildPhase;
			buildActionMask = 2147483647;
			files = (
			);
			runOnlyForDeploymentPostprocessing = 0;
		};
/* End PBXSourcesBuildPhase section */

/* Begin PBXTargetDependency section */
		DB7871A62F9943010071519F /* PBXTargetDependency */ = {
			isa = PBXTargetDependency;
			target = DB78718D2F9943010071519F /* todo */;
			targetProxy = DB7871A52F9943010071519F /* PBXContainerItemProxy */;
		};
		DB7871B02F9943010071519F /* PBXTargetDependency */ = {
			isa = PBXTargetDependency;
			target = DB78718D2F9943010071519F /* todo */;
			targetProxy = DB7871AF2F9943010071519F /* PBXContainerItemProxy */;
		};
/* End PBXTargetDependency section */

/* Begin PBXVariantGroup section */
		DB78719C2F9943010071519F /* LaunchScreen.storyboard */ = {
			isa = PBXVariantGroup;
			children = (
				DB78719D2F9943010071519F /* Base */,
			);
			name = LaunchScreen.storyboard;
			sourceTree = "<group>";
		};
/* End PBXVariantGroup section */

/* Begin XCBuildConfiguration section */
		DB7871B82F9943010071519F /* Debug */ = {
			isa = XCBuildConfiguration;
			buildSettings = {
				ASSETCATALOG_COMPILER_APPICON_NAME = AppIcon;
				ASSETCATALOG_COMPILER_GLOBAL_ACCENT_COLOR_NAME = AccentColor;
				CODE_SIGN_STYLE = Automatic;
				CURRENT_PROJECT_VERSION = 1;
				GENERATE_INFOPLIST_FILE = YES;
				INFOPLIST_FILE = todo/Info.plist;
				INFOPLIST_KEY_UIApplicationSupportsIndirectInputEvents = YES;
				INFOPLIST_KEY_UILaunchStoryboardName = LaunchScreen;
				INFOPLIST_KEY_UISupportedInterfaceOrientations_iPad = "UIInterfaceOrientationPortrait UIInterfaceOrientationPortraitUpsideDown UIInterfaceOrientationLandscapeLeft UIInterfaceOrientationLandscapeRight";
				INFOPLIST_KEY_UISupportedInterfaceOrientations_iPhone = "UIInterfaceOrientationPortrait UIInterfaceOrientationLandscapeLeft UIInterfaceOrientationLandscapeRight";
				IPHONEOS_DEPLOYMENT_TARGET = 17.6;
				LD_RUNPATH_SEARCH_PATHS = (
					"$(inherited)",
					"@executable_path/Frameworks",
				);
				MARKETING_VERSION = 1.0;
				PRODUCT_BUNDLE_IDENTIFIER = com.hungtran.todo;
				PRODUCT_NAME = "$(TARGET_NAME)";
				STRING_CATALOG_GENERATE_SYMBOLS = YES;
				SWIFT_APPROACHABLE_CONCURRENCY = YES;
				SWIFT_DEFAULT_ACTOR_ISOLATION = MainActor;
				SWIFT_EMIT_LOC_STRINGS = YES;
				SWIFT_UPCOMING_FEATURE_MEMBER_IMPORT_VISIBILITY = YES;
				SWIFT_VERSION = 5.0;
				TARGETED_DEVICE_FAMILY = "1,2";
			};
			name = Debug;
		};
		DB7871B92F9943010071519F /* Release */ = {
			isa = XCBuildConfiguration;
			buildSettings = {
				ASSETCATALOG_COMPILER_APPICON_NAME = AppIcon;
				ASSETCATALOG_COMPILER_GLOBAL_ACCENT_COLOR_NAME = AccentColor;
				CODE_SIGN_STYLE = Automatic;
				CURRENT_PROJECT_VERSION = 1;
				GENERATE_INFOPLIST_FILE = YES;
				INFOPLIST_FILE = todo/Info.plist;
				INFOPLIST_KEY_UIApplicationSupportsIndirectInputEvents = YES;
				INFOPLIST_KEY_UILaunchStoryboardName = LaunchScreen;
				INFOPLIST_KEY_UISupportedInterfaceOrientations_iPad = "UIInterfaceOrientationPortrait UIInterfaceOrientationPortraitUpsideDown UIInterfaceOrientationLandscapeLeft UIInterfaceOrientationLandscapeRight";
				INFOPLIST_KEY_UISupportedInterfaceOrientations_iPhone = "UIInterfaceOrientationPortrait UIInterfaceOrientationLandscapeLeft UIInterfaceOrientationLandscapeRight";
				IPHONEOS_DEPLOYMENT_TARGET = 17.6;
				LD_RUNPATH_SEARCH_PATHS = (
					"$(inherited)",
					"@executable_path/Frameworks",
				);
				MARKETING_VERSION = 1.0;
				PRODUCT_BUNDLE_IDENTIFIER = com.hungtran.todo;
				PRODUCT_NAME = "$(TARGET_NAME)";
				STRING_CATALOG_GENERATE_SYMBOLS = YES;
				SWIFT_APPROACHABLE_CONCURRENCY = YES;
				SWIFT_DEFAULT_ACTOR_ISOLATION = MainActor;
				SWIFT_EMIT_LOC_STRINGS = YES;
				SWIFT_UPCOMING_FEATURE_MEMBER_IMPORT_VISIBILITY = YES;
				SWIFT_VERSION = 5.0;
				TARGETED_DEVICE_FAMILY = "1,2";
			};
			name = Release;
		};
		DB7871BA2F9943010071519F /* Debug */ = {
			isa = XCBuildConfiguration;
			buildSettings = {
				ALWAYS_SEARCH_USER_PATHS = NO;
				ASSETCATALOG_COMPILER_GENERATE_SWIFT_ASSET_SYMBOL_EXTENSIONS = YES;
				CLANG_ANALYZER_NONNULL = YES;
				CLANG_ANALYZER_NUMBER_OBJECT_CONVERSION = YES_AGGRESSIVE;
				CLANG_CXX_LANGUAGE_STANDARD = "gnu++20";
				CLANG_ENABLE_MODULES = YES;
				CLANG_ENABLE_OBJC_ARC = YES;
				CLANG_ENABLE_OBJC_WEAK = YES;
				CLANG_WARN_BLOCK_CAPTURE_AUTORELEASING = YES;
				CLANG_WARN_BOOL_CONVERSION = YES;
				CLANG_WARN_COMMA = YES;
				CLANG_WARN_CONSTANT_CONVERSION = YES;
				CLANG_WARN_DEPRECATED_OBJC_IMPLEMENTATIONS = YES;
				CLANG_WARN_DIRECT_OBJC_ISA_USAGE = YES_ERROR;
				CLANG_WARN_DOCUMENTATION_COMMENTS = YES;
				CLANG_WARN_EMPTY_BODY = YES;
				CLANG_WARN_ENUM_CONVERSION = YES;
				CLANG_WARN_INFINITE_RECURSION = YES;
				CLANG_WARN_INT_CONVERSION = YES;
				CLANG_WARN_NON_LITERAL_NULL_CONVERSION = YES;
				CLANG_WARN_OBJC_IMPLICIT_RETAIN_SELF = YES;
				CLANG_WARN_OBJC_LITERAL_CONVERSION = YES;
				CLANG_WARN_OBJC_ROOT_CLASS = YES_ERROR;
				CLANG_WARN_QUOTED_INCLUDE_IN_FRAMEWORK_HEADER = YES;
				CLANG_WARN_RANGE_LOOP_ANALYSIS = YES;
				CLANG_WARN_STRICT_PROTOTYPES = YES;
				CLANG_WARN_SUSPICIOUS_MOVE = YES;
				CLANG_WARN_UNGUARDED_AVAILABILITY = YES_AGGRESSIVE;
				CLANG_WARN_UNREACHABLE_CODE = YES;
				CLANG_WARN__DUPLICATE_METHOD_MATCH = YES;
				COPY_PHASE_STRIP = NO;
				DEBUG_INFORMATION_FORMAT = dwarf;
				ENABLE_STRICT_OBJC_MSGSEND = YES;
				ENABLE_TESTABILITY = YES;
				ENABLE_USER_SCRIPT_SANDBOXING = YES;
				GCC_C_LANGUAGE_STANDARD = gnu17;
				GCC_DYNAMIC_NO_PIC = NO;
				GCC_NO_COMMON_BLOCKS = YES;
				GCC_OPTIMIZATION_LEVEL = 0;
				GCC_PREPROCESSOR_DEFINITIONS = (
					"DEBUG=1",
					"$(inherited)",
				);
				GCC_WARN_64_TO_32_BIT_CONVERSION = YES;
				GCC_WARN_ABOUT_RETURN_TYPE = YES_ERROR;
				GCC_WARN_UNDECLARED_SELECTOR = YES;
				GCC_WARN_UNINITIALIZED_AUTOS = YES_AGGRESSIVE;
				GCC_WARN_UNUSED_FUNCTION = YES;
				GCC_WARN_UNUSED_VARIABLE = YES;
				IPHONEOS_DEPLOYMENT_TARGET = 26.4;
				LOCALIZATION_PREFERS_STRING_CATALOGS = YES;
				MTL_ENABLE_DEBUG_INFO = INCLUDE_SOURCE;
				MTL_FAST_MATH = YES;
				ONLY_ACTIVE_ARCH = YES;
				SDKROOT = iphoneos;
				SWIFT_ACTIVE_COMPILATION_CONDITIONS = "DEBUG $(inherited)";
				SWIFT_OPTIMIZATION_LEVEL = "-Onone";
			};
			name = Debug;
		};
		DB7871BB2F9943010071519F /* Release */ = {
			isa = XCBuildConfiguration;
			buildSettings = {
				ALWAYS_SEARCH_USER_PATHS = NO;
				ASSETCATALOG_COMPILER_GENERATE_SWIFT_ASSET_SYMBOL_EXTENSIONS = YES;
				CLANG_ANALYZER_NONNULL = YES;
				CLANG_ANALYZER_NUMBER_OBJECT_CONVERSION = YES_AGGRESSIVE;
				CLANG_CXX_LANGUAGE_STANDARD = "gnu++20";
				CLANG_ENABLE_MODULES = YES;
				CLANG_ENABLE_OBJC_ARC = YES;
				CLANG_ENABLE_OBJC_WEAK = YES;
				CLANG_WARN_BLOCK_CAPTURE_AUTORELEASING = YES;
				CLANG_WARN_BOOL_CONVERSION = YES;
				CLANG_WARN_COMMA = YES;
				CLANG_WARN_CONSTANT_CONVERSION = YES;
				CLANG_WARN_DEPRECATED_OBJC_IMPLEMENTATIONS = YES;
				CLANG_WARN_DIRECT_OBJC_ISA_USAGE = YES_ERROR;
				CLANG_WARN_DOCUMENTATION_COMMENTS = YES;
				CLANG_WARN_EMPTY_BODY = YES;
				CLANG_WARN_ENUM_CONVERSION = YES;
				CLANG_WARN_INFINITE_RECURSION = YES;
				CLANG_WARN_INT_CONVERSION = YES;
				CLANG_WARN_NON_LITERAL_NULL_CONVERSION = YES;
				CLANG_WARN_OBJC_IMPLICIT_RETAIN_SELF = YES;
				CLANG_WARN_OBJC_LITERAL_CONVERSION = YES;
				CLANG_WARN_OBJC_ROOT_CLASS = YES_ERROR;
				CLANG_WARN_QUOTED_INCLUDE_IN_FRAMEWORK_HEADER = YES;
				CLANG_WARN_RANGE_LOOP_ANALYSIS = YES;
				CLANG_WARN_STRICT_PROTOTYPES = YES;
				CLANG_WARN_SUSPICIOUS_MOVE = YES;
				CLANG_WARN_UNGUARDED_AVAILABILITY = YES_AGGRESSIVE;
				CLANG_WARN_UNREACHABLE_CODE = YES;
				CLANG_WARN__DUPLICATE_METHOD_MATCH = YES;
				COPY_PHASE_STRIP = NO;
				DEBUG_INFORMATION_FORMAT = "dwarf-with-dsym";
				ENABLE_NS_ASSERTIONS = NO;
				ENABLE_STRICT_OBJC_MSGSEND = YES;
				ENABLE_USER_SCRIPT_SANDBOXING = YES;
				GCC_C_LANGUAGE_STANDARD = gnu17;
				GCC_NO_COMMON_BLOCKS = YES;
				GCC_WARN_64_TO_32_BIT_CONVERSION = YES;
				GCC_WARN_ABOUT_RETURN_TYPE = YES_ERROR;
				GCC_WARN_UNDECLARED_SELECTOR = YES;
				GCC_WARN_UNINITIALIZED_AUTOS = YES_AGGRESSIVE;
				GCC_WARN_UNUSED_FUNCTION = YES;
				GCC_WARN_UNUSED_VARIABLE = YES;
				IPHONEOS_DEPLOYMENT_TARGET = 26.4;
				LOCALIZATION_PREFERS_STRING_CATALOGS = YES;
				MTL_ENABLE_DEBUG_INFO = NO;
				MTL_FAST_MATH = YES;
				SDKROOT = iphoneos;
				SWIFT_COMPILATION_MODE = wholemodule;
				VALIDATE_PRODUCT = YES;
			};
			name = Release;
		};
		DB7871BD2F9943010071519F /* Debug */ = {
			isa = XCBuildConfiguration;
			buildSettings = {
				BUNDLE_LOADER = "$(TEST_HOST)";
				CODE_SIGN_STYLE = Automatic;
				CURRENT_PROJECT_VERSION = 1;
				GENERATE_INFOPLIST_FILE = YES;
				IPHONEOS_DEPLOYMENT_TARGET = 26.4;
				MARKETING_VERSION = 1.0;
				PRODUCT_BUNDLE_IDENTIFIER = hungtran.todoTests;
				PRODUCT_NAME = "$(TARGET_NAME)";
				STRING_CATALOG_GENERATE_SYMBOLS = NO;
				SWIFT_APPROACHABLE_CONCURRENCY = YES;
				SWIFT_EMIT_LOC_STRINGS = NO;
				SWIFT_UPCOMING_FEATURE_MEMBER_IMPORT_VISIBILITY = YES;
				SWIFT_VERSION = 5.0;
				TARGETED_DEVICE_FAMILY = "1,2";
				TEST_HOST = "$(BUILT_PRODUCTS_DIR)/todo.app/$(BUNDLE_EXECUTABLE_FOLDER_PATH)/todo";
			};
			name = Debug;
		};
		DB7871BE2F9943010071519F /* Release */ = {
			isa = XCBuildConfiguration;
			buildSettings = {
				BUNDLE_LOADER = "$(TEST_HOST)";
				CODE_SIGN_STYLE = Automatic;
				CURRENT_PROJECT_VERSION = 1;
				GENERATE_INFOPLIST_FILE = YES;
				IPHONEOS_DEPLOYMENT_TARGET = 26.4;
				MARKETING_VERSION = 1.0;
				PRODUCT_BUNDLE_IDENTIFIER = hungtran.todoTests;
				PRODUCT_NAME = "$(TARGET_NAME)";
				STRING_CATALOG_GENERATE_SYMBOLS = NO;
				SWIFT_APPROACHABLE_CONCURRENCY = YES;
				SWIFT_EMIT_LOC_STRINGS = NO;
				SWIFT_UPCOMING_FEATURE_MEMBER_IMPORT_VISIBILITY = YES;
				SWIFT_VERSION = 5.0;
				TARGETED_DEVICE_FAMILY = "1,2";
				TEST_HOST = "$(BUILT_PRODUCTS_DIR)/todo.app/$(BUNDLE_EXECUTABLE_FOLDER_PATH)/todo";
			};
			name = Release;
		};
		DB7871C02F9943010071519F /* Debug */ = {
			isa = XCBuildConfiguration;
			buildSettings = {
				CODE_SIGN_STYLE = Automatic;
				CURRENT_PROJECT_VERSION = 1;
				GENERATE_INFOPLIST_FILE = YES;
				MARKETING_VERSION = 1.0;
				PRODUCT_BUNDLE_IDENTIFIER = hungtran.todoUITests;
				PRODUCT_NAME = "$(TARGET_NAME)";
				STRING_CATALOG_GENERATE_SYMBOLS = NO;
				SWIFT_APPROACHABLE_CONCURRENCY = YES;
				SWIFT_EMIT_LOC_STRINGS = NO;
				SWIFT_UPCOMING_FEATURE_MEMBER_IMPORT_VISIBILITY = YES;
				SWIFT_VERSION = 5.0;
				TARGETED_DEVICE_FAMILY = "1,2";
				TEST_TARGET_NAME = todo;
			};
			name = Debug;
		};
		DB7871C12F9943010071519F /* Release */ = {
			isa = XCBuildConfiguration;
			buildSettings = {
				CODE_SIGN_STYLE = Automatic;
				CURRENT_PROJECT_VERSION = 1;
				GENERATE_INFOPLIST_FILE = YES;
				MARKETING_VERSION = 1.0;
				PRODUCT_BUNDLE_IDENTIFIER = hungtran.todoUITests;
				PRODUCT_NAME = "$(TARGET_NAME)";
				STRING_CATALOG_GENERATE_SYMBOLS = NO;
				SWIFT_APPROACHABLE_CONCURRENCY = YES;
				SWIFT_EMIT_LOC_STRINGS = NO;
				SWIFT_UPCOMING_FEATURE_MEMBER_IMPORT_VISIBILITY = YES;
				SWIFT_VERSION = 5.0;
				TARGETED_DEVICE_FAMILY = "1,2";
				TEST_TARGET_NAME = todo;
			};
			name = Release;
		};
/* End XCBuildConfiguration section */

/* Begin XCConfigurationList section */
		DB7871892F9943010071519F /* Build configuration list for PBXProject "todo" */ = {
			isa = XCConfigurationList;
			buildConfigurations = (
				DB7871BA2F9943010071519F /* Debug */,
				DB7871BB2F9943010071519F /* Release */,
			);
			defaultConfigurationIsVisible = 0;
			defaultConfigurationName = Release;
		};
		DB7871B72F9943010071519F /* Build configuration list for PBXNativeTarget "todo" */ = {
			isa = XCConfigurationList;
			buildConfigurations = (
				DB7871B82F9943010071519F /* Debug */,
				DB7871B92F9943010071519F /* Release */,
			);
			defaultConfigurationIsVisible = 0;
			defaultConfigurationName = Release;
		};
		DB7871BC2F9943010071519F /* Build configuration list for PBXNativeTarget "todoTests" */ = {
			isa = XCConfigurationList;
			buildConfigurations = (
				DB7871BD2F9943010071519F /* Debug */,
				DB7871BE2F9943010071519F /* Release */,
			);
			defaultConfigurationIsVisible = 0;
			defaultConfigurationName = Release;
		};
		DB7871BF2F9943010071519F /* Build configuration list for PBXNativeTarget "todoUITests" */ = {
			isa = XCConfigurationList;
			buildConfigurations = (
				DB7871C02F9943010071519F /* Debug */,
				DB7871C12F9943010071519F /* Release */,
			);
			defaultConfigurationIsVisible = 0;
			defaultConfigurationName = Release;
		};
/* End XCConfigurationList section */
	};
	rootObject = DB7871862F9943010071519F /* Project object */;
}
